// !$*UTF8*$!
{
	archiveVersion = 1;
	classes = {
	};
	objectVersion = 56;
	objects = {

/* Begin PBXBuildFile section */
		512D178F2A34553B00481E3B /* Colors.swift in Sources */ = {isa = PBXBuildFile; fileRef = 512D178E2A34553B00481E3B /* Colors.swift */; };
		512D17932A34793400481E3B /* MovieSkeletonCollectionViewCell.swift in Sources */ = {isa = PBXBuildFile; fileRef = 512D17922A34793400481E3B /* MovieSkeletonCollectionViewCell.swift */; };
		512D17952A347A2300481E3B /* SectionSkeletonCollectionReusableView.swift in Sources */ = {isa = PBXBuildFile; fileRef = 512D17942A347A2300481E3B /* SectionSkeletonCollectionReusableView.swift */; };
		512D179B2A3493DC00481E3B /* CategoryMoviesViewModel.swift in Sources */ = {isa = PBXBuildFile; fileRef = 512D179A2A3493DC00481E3B /* CategoryMoviesViewModel.swift */; };
		512D179D2A3497E200481E3B /* CategoryMoviesViewController.swift in Sources */ = {isa = PBXBuildFile; fileRef = 512D179C2A3497E200481E3B /* CategoryMoviesViewController.swift */; };
		512D17A22A35C9A100481E3B /* MovieDetailModel.swift in Sources */ = {isa = PBXBuildFile; fileRef = 512D17A12A35C9A100481E3B /* MovieDetailModel.swift */; };
		512D17A42A35CA6F00481E3B /* MovieProductionCompanyModel.swift in Sources */ = {isa = PBXBuildFile; fileRef = 512D17A32A35CA6F00481E3B /* MovieProductionCompanyModel.swift */; };
		512D17A72A35CBE300481E3B /* MovieDetailEndpoint.swift in Sources */ = {isa = PBXBuildFile; fileRef = 512D17A62A35CBE300481E3B /* MovieDetailEndpoint.swift */; };
		512D17AA2A35CCBC00481E3B /* MovieDetailDataSource.swift in Sources */ = {isa = PBXBuildFile; fileRef = 512D17A92A35CCBC00481E3B /* MovieDetailDataSource.swift */; };
		512D17AE2A35CDE100481E3B /* MovieDetailRepositoryInterface.swift in Sources */ = {isa = PBXBuildFile; fileRef = 512D17AD2A35CDE100481E3B /* MovieDetailRepositoryInterface.swift */; };
		512D17B12A35CE5800481E3B /* MovieDetailRepository.swift in Sources */ = {isa = PBXBuildFile; fileRef = 512D17B02A35CE5800481E3B /* MovieDetailRepository.swift */; };
		512D17B62A35CF6D00481E3B /* MovieDetailViewModel.swift in Sources */ = {isa = PBXBuildFile; fileRef = 512D17B52A35CF6D00481E3B /* MovieDetailViewModel.swift */; };
		512D17B82A35D32500481E3B /* MovieDetailViewController.swift in Sources */ = {isa = PBXBuildFile; fileRef = 512D17B72A35D32500481E3B /* MovieDetailViewController.swift */; };
		512D17BB2A35D64200481E3B /* MovieDetailBackgroundImageCollectionViewCell.swift in Sources */ = {isa = PBXBuildFile; fileRef = 512D17BA2A35D64200481E3B /* MovieDetailBackgroundImageCollectionViewCell.swift */; };
		512D17BD2A35D7A300481E3B /* NSObject + Extension.swift in Sources */ = {isa = PBXBuildFile; fileRef = 512D17BC2A35D7A300481E3B /* NSObject + Extension.swift */; };
		512D17BF2A35D7FF00481E3B /* MovieDetailInfoCollectionViewCell.swift in Sources */ = {isa = PBXBuildFile; fileRef = 512D17BE2A35D7FF00481E3B /* MovieDetailInfoCollectionViewCell.swift */; };
		512D17C12A35E39A00481E3B /* MovieDetailOverviewCollectionViewCell.swift in Sources */ = {isa = PBXBuildFile; fileRef = 512D17C02A35E39A00481E3B /* MovieDetailOverviewCollectionViewCell.swift */; };
		512D17C32A35E4B900481E3B /* MovieDetailProductionCompanyCollectionViewCell.swift in Sources */ = {isa = PBXBuildFile; fileRef = 512D17C22A35E4B900481E3B /* MovieDetailProductionCompanyCollectionViewCell.swift */; };
		512D17C52A35EDA000481E3B /* Data + Extension.swift in Sources */ = {isa = PBXBuildFile; fileRef = 512D17C42A35EDA000481E3B /* Data + Extension.swift */; };
		51FB42BF2A2C8EB00007CE78 /* AppDelegate.swift in Sources */ = {isa = PBXBuildFile; fileRef = 51FB42BE2A2C8EB00007CE78 /* AppDelegate.swift */; };
		51FB42C12A2C8EB00007CE78 /* SceneDelegate.swift in Sources */ = {isa = PBXBuildFile; fileRef = 51FB42C02A2C8EB00007CE78 /* SceneDelegate.swift */; };
		51FB42C82A2C8EB20007CE78 /* Assets.xcassets in Resources */ = {isa = PBXBuildFile; fileRef = 51FB42C72A2C8EB20007CE78 /* Assets.xcassets */; };
		51FB42CB2A2C8EB20007CE78 /* LaunchScreen.storyboard in Resources */ = {isa = PBXBuildFile; fileRef = 51FB42C92A2C8EB20007CE78 /* LaunchScreen.storyboard */; };
		51FB42D62A2C8EB20007CE78 /* Movies_ExplorerTests.swift in Sources */ = {isa = PBXBuildFile; fileRef = 51FB42D52A2C8EB20007CE78 /* Movies_ExplorerTests.swift */; };
		51FB42E02A2C8EB20007CE78 /* Movies_ExplorerUITests.swift in Sources */ = {isa = PBXBuildFile; fileRef = 51FB42DF2A2C8EB20007CE78 /* Movies_ExplorerUITests.swift */; };
		51FB42E22A2C8EB20007CE78 /* Movies_ExplorerUITestsLaunchTests.swift in Sources */ = {isa = PBXBuildFile; fileRef = 51FB42E12A2C8EB20007CE78 /* Movies_ExplorerUITestsLaunchTests.swift */; };
		51FB42EF2A2C8F290007CE78 /* MainPageViewController.swift in Sources */ = {isa = PBXBuildFile; fileRef = 51FB42EE2A2C8F290007CE78 /* MainPageViewController.swift */; };
		51FB42FB2A2C929E0007CE78 /* Constants.swift in Sources */ = {isa = PBXBuildFile; fileRef = 51FB42FA2A2C929E0007CE78 /* Constants.swift */; };
		51FB42FD2A2C93070007CE78 /* MoviePosterModel.swift in Sources */ = {isa = PBXBuildFile; fileRef = 51FB42FC2A2C93070007CE78 /* MoviePosterModel.swift */; };
		51FB42FF2A2C93D00007CE78 /* PaginationModel.swift in Sources */ = {isa = PBXBuildFile; fileRef = 51FB42FE2A2C93D00007CE78 /* PaginationModel.swift */; };
		51FB43022A2C94CA0007CE78 /* MoviesCategoriesEndpoint.swift in Sources */ = {isa = PBXBuildFile; fileRef = 51FB43012A2C94CA0007CE78 /* MoviesCategoriesEndpoint.swift */; };
		51FB43052A2C94E40007CE78 /* RequestProviding.swift in Sources */ = {isa = PBXBuildFile; fileRef = 51FB43042A2C94E40007CE78 /* RequestProviding.swift */; };
		51FB43082A2C96270007CE78 /* MoviesCategory.swift in Sources */ = {isa = PBXBuildFile; fileRef = 51FB43072A2C96270007CE78 /* MoviesCategory.swift */; };
		51FB430B2A2C96F40007CE78 /* URLRequest + Extension.swift in Sources */ = {isa = PBXBuildFile; fileRef = 51FB430A2A2C96F40007CE78 /* URLRequest + Extension.swift */; };
		51FB430E2A2C97AD0007CE78 /* Network.swift in Sources */ = {isa = PBXBuildFile; fileRef = 51FB430D2A2C97AD0007CE78 /* Network.swift */; };
		51FB43112A2C98D20007CE78 /* MoviesByCategoryDataSource.swift in Sources */ = {isa = PBXBuildFile; fileRef = 51FB43102A2C98D20007CE78 /* MoviesByCategoryDataSource.swift */; };
		51FB43162A2C9B6E0007CE78 /* MoviesByCategoryRepositoryInterface.swift in Sources */ = {isa = PBXBuildFile; fileRef = 51FB43152A2C9B6E0007CE78 /* MoviesByCategoryRepositoryInterface.swift */; };
		51FB43182A2C9C390007CE78 /* MoviesByCategoryRepository.swift in Sources */ = {isa = PBXBuildFile; fileRef = 51FB43172A2C9C390007CE78 /* MoviesByCategoryRepository.swift */; };
		51FB431C2A2CA38B0007CE78 /* MainPageViewModel.swift in Sources */ = {isa = PBXBuildFile; fileRef = 51FB431B2A2CA38B0007CE78 /* MainPageViewModel.swift */; };
		51FB431F2A2CAB950007CE78 /* MoviePosterCollectionViewCell.swift in Sources */ = {isa = PBXBuildFile; fileRef = 51FB431E2A2CAB950007CE78 /* MoviePosterCollectionViewCell.swift */; };
		51FB43222A2CB22C0007CE78 /* SectionHeaderCollectionReusableView.swift in Sources */ = {isa = PBXBuildFile; fileRef = 51FB43212A2CB22C0007CE78 /* SectionHeaderCollectionReusableView.swift */; };
		6367152012EB89030373B114 /* Pods_Movies_Explorer_Movies_ExplorerUITests.framework in Frameworks */ = {isa = PBXBuildFile; fileRef = 460F9439A9FFF43642C35322 /* Pods_Movies_Explorer_Movies_ExplorerUITests.framework */; };
		7E7F2A9FFC1DC4D9B23B860A /* Pods_Movies_ExplorerTests.framework in Frameworks */ = {isa = PBXBuildFile; fileRef = 00D7FECD0919E55F21F353FA /* Pods_Movies_ExplorerTests.framework */; };
		FE5E7F13102145212A5B495D /* Pods_Movies_Explorer.framework in Frameworks */ = {isa = PBXBuildFile; fileRef = 8D0F04C3D371F092758F11D7 /* Pods_Movies_Explorer.framework */; };
/* End PBXBuildFile section */

/* Begin PBXContainerItemProxy section */
		51FB42D22A2C8EB20007CE78 /* PBXContainerItemProxy */ = {
			isa = PBXContainerItemProxy;
			containerPortal = 51FB42B32A2C8EB00007CE78 /* Project object */;
			proxyType = 1;
			remoteGlobalIDString = 51FB42BA2A2C8EB00007CE78;
			remoteInfo = "Movies Explorer";
		};
		51FB42DC2A2C8EB20007CE78 /* PBXContainerItemProxy */ = {
			isa = PBXContainerItemProxy;
			containerPortal = 51FB42B32A2C8EB00007CE78 /* Project object */;
			proxyType = 1;
			remoteGlobalIDString = 51FB42BA2A2C8EB00007CE78;
			remoteInfo = "Movies Explorer";
		};
/* End PBXContainerItemProxy section */

/* Begin PBXFileReference section */
		00D7FECD0919E55F21F353FA /* Pods_Movies_ExplorerTests.framework */ = {isa = PBXFileReference; explicitFileType = wrapper.framework; includeInIndex = 0; path = Pods_Movies_ExplorerTests.framework; sourceTree = BUILT_PRODUCTS_DIR; };
		1EDE5AF9CB4C553C62CB22F5 /* Pods-Movies ExplorerTests.release.xcconfig */ = {isa = PBXFileReference; includeInIndex = 1; lastKnownFileType = text.xcconfig; name = "Pods-Movies ExplorerTests.release.xcconfig"; path = "Target Support Files/Pods-Movies ExplorerTests/Pods-Movies ExplorerTests.release.xcconfig"; sourceTree = "<group>"; };
		460F9439A9FFF43642C35322 /* Pods_Movies_Explorer_Movies_ExplorerUITests.framework */ = {isa = PBXFileReference; explicitFileType = wrapper.framework; includeInIndex = 0; path = Pods_Movies_Explorer_Movies_ExplorerUITests.framework; sourceTree = BUILT_PRODUCTS_DIR; };
		512D178E2A34553B00481E3B /* Colors.swift */ = {isa = PBXFileReference; lastKnownFileType = sourcecode.swift; path = Colors.swift; sourceTree = "<group>"; };
		512D17922A34793400481E3B /* MovieSkeletonCollectionViewCell.swift */ = {isa = PBXFileReference; lastKnownFileType = sourcecode.swift; path = MovieSkeletonCollectionViewCell.swift; sourceTree = "<group>"; };
		512D17942A347A2300481E3B /* SectionSkeletonCollectionReusableView.swift */ = {isa = PBXFileReference; lastKnownFileType = sourcecode.swift; path = SectionSkeletonCollectionReusableView.swift; sourceTree = "<group>"; };
		512D179A2A3493DC00481E3B /* CategoryMoviesViewModel.swift */ = {isa = PBXFileReference; lastKnownFileType = sourcecode.swift; path = CategoryMoviesViewModel.swift; sourceTree = "<group>"; };
		512D179C2A3497E200481E3B /* CategoryMoviesViewController.swift */ = {isa = PBXFileReference; lastKnownFileType = sourcecode.swift; path = CategoryMoviesViewController.swift; sourceTree = "<group>"; };
		512D17A12A35C9A100481E3B /* MovieDetailModel.swift */ = {isa = PBXFileReference; lastKnownFileType = sourcecode.swift; path = MovieDetailModel.swift; sourceTree = "<group>"; };
		512D17A32A35CA6F00481E3B /* MovieProductionCompanyModel.swift */ = {isa = PBXFileReference; lastKnownFileType = sourcecode.swift; path = MovieProductionCompanyModel.swift; sourceTree = "<group>"; };
		512D17A62A35CBE300481E3B /* MovieDetailEndpoint.swift */ = {isa = PBXFileReference; lastKnownFileType = sourcecode.swift; path = MovieDetailEndpoint.swift; sourceTree = "<group>"; };
		512D17A92A35CCBC00481E3B /* MovieDetailDataSource.swift */ = {isa = PBXFileReference; lastKnownFileType = sourcecode.swift; path = MovieDetailDataSource.swift; sourceTree = "<group>"; };
		512D17AD2A35CDE100481E3B /* MovieDetailRepositoryInterface.swift */ = {isa = PBXFileReference; lastKnownFileType = sourcecode.swift; path = MovieDetailRepositoryInterface.swift; sourceTree = "<group>"; };
		512D17B02A35CE5800481E3B /* MovieDetailRepository.swift */ = {isa = PBXFileReference; lastKnownFileType = sourcecode.swift; path = MovieDetailRepository.swift; sourceTree = "<group>"; };
		512D17B52A35CF6D00481E3B /* MovieDetailViewModel.swift */ = {isa = PBXFileReference; lastKnownFileType = sourcecode.swift; path = MovieDetailViewModel.swift; sourceTree = "<group>"; };
		512D17B72A35D32500481E3B /* MovieDetailViewController.swift */ = {isa = PBXFileReference; lastKnownFileType = sourcecode.swift; path = MovieDetailViewController.swift; sourceTree = "<group>"; };
		512D17BA2A35D64200481E3B /* MovieDetailBackgroundImageCollectionViewCell.swift */ = {isa = PBXFileReference; lastKnownFileType = sourcecode.swift; path = MovieDetailBackgroundImageCollectionViewCell.swift; sourceTree = "<group>"; };
		512D17BC2A35D7A300481E3B /* NSObject + Extension.swift */ = {isa = PBXFileReference; lastKnownFileType = sourcecode.swift; path = "NSObject + Extension.swift"; sourceTree = "<group>"; };
		512D17BE2A35D7FF00481E3B /* MovieDetailInfoCollectionViewCell.swift */ = {isa = PBXFileReference; lastKnownFileType = sourcecode.swift; path = MovieDetailInfoCollectionViewCell.swift; sourceTree = "<group>"; };
		512D17C02A35E39A00481E3B /* MovieDetailOverviewCollectionViewCell.swift */ = {isa = PBXFileReference; lastKnownFileType = sourcecode.swift; path = MovieDetailOverviewCollectionViewCell.swift; sourceTree = "<group>"; };
		512D17C22A35E4B900481E3B /* MovieDetailProductionCompanyCollectionViewCell.swift */ = {isa = PBXFileReference; lastKnownFileType = sourcecode.swift; path = MovieDetailProductionCompanyCollectionViewCell.swift; sourceTree = "<group>"; };
		512D17C42A35EDA000481E3B /* Data + Extension.swift */ = {isa = PBXFileReference; lastKnownFileType = sourcecode.swift; path = "Data + Extension.swift"; sourceTree = "<group>"; };
		51FB42BB2A2C8EB00007CE78 /* Movies Explorer.app */ = {isa = PBXFileReference; explicitFileType = wrapper.application; includeInIndex = 0; path = "Movies Explorer.app"; sourceTree = BUILT_PRODUCTS_DIR; };
		51FB42BE2A2C8EB00007CE78 /* AppDelegate.swift */ = {isa = PBXFileReference; lastKnownFileType = sourcecode.swift; path = AppDelegate.swift; sourceTree = "<group>"; };
		51FB42C02A2C8EB00007CE78 /* SceneDelegate.swift */ = {isa = PBXFileReference; lastKnownFileType = sourcecode.swift; path = SceneDelegate.swift; sourceTree = "<group>"; };
		51FB42C72A2C8EB20007CE78 /* Assets.xcassets */ = {isa = PBXFileReference; lastKnownFileType = folder.assetcatalog; path = Assets.xcassets; sourceTree = "<group>"; };
		51FB42CA2A2C8EB20007CE78 /* Base */ = {isa = PBXFileReference; lastKnownFileType = file.storyboard; name = Base; path = Base.lproj/LaunchScreen.storyboard; sourceTree = "<group>"; };
		51FB42CC2A2C8EB20007CE78 /* Info.plist */ = {isa = PBXFileReference; lastKnownFileType = text.plist.xml; path = Info.plist; sourceTree = "<group>"; };
		51FB42D12A2C8EB20007CE78 /* Movies ExplorerTests.xctest */ = {isa = PBXFileReference; explicitFileType = wrapper.cfbundle; includeInIndex = 0; path = "Movies ExplorerTests.xctest"; sourceTree = BUILT_PRODUCTS_DIR; };
		51FB42D52A2C8EB20007CE78 /* Movies_ExplorerTests.swift */ = {isa = PBXFileReference; lastKnownFileType = sourcecode.swift; path = Movies_ExplorerTests.swift; sourceTree = "<group>"; };
		51FB42DB2A2C8EB20007CE78 /* Movies ExplorerUITests.xctest */ = {isa = PBXFileReference; explicitFileType = wrapper.cfbundle; includeInIndex = 0; path = "Movies ExplorerUITests.xctest"; sourceTree = BUILT_PRODUCTS_DIR; };
		51FB42DF2A2C8EB20007CE78 /* Movies_ExplorerUITests.swift */ = {isa = PBXFileReference; lastKnownFileType = sourcecode.swift; path = Movies_ExplorerUITests.swift; sourceTree = "<group>"; };
		51FB42E12A2C8EB20007CE78 /* Movies_ExplorerUITestsLaunchTests.swift */ = {isa = PBXFileReference; lastKnownFileType = sourcecode.swift; path = Movies_ExplorerUITestsLaunchTests.swift; sourceTree = "<group>"; };
		51FB42EE2A2C8F290007CE78 /* MainPageViewController.swift */ = {isa = PBXFileReference; lastKnownFileType = sourcecode.swift; path = MainPageViewController.swift; sourceTree = "<group>"; };
		51FB42FA2A2C929E0007CE78 /* Constants.swift */ = {isa = PBXFileReference; lastKnownFileType = sourcecode.swift; path = Constants.swift; sourceTree = "<group>"; };
		51FB42FC2A2C93070007CE78 /* MoviePosterModel.swift */ = {isa = PBXFileReference; lastKnownFileType = sourcecode.swift; path = MoviePosterModel.swift; sourceTree = "<group>"; };
		51FB42FE2A2C93D00007CE78 /* PaginationModel.swift */ = {isa = PBXFileReference; lastKnownFileType = sourcecode.swift; path = PaginationModel.swift; sourceTree = "<group>"; };
		51FB43012A2C94CA0007CE78 /* MoviesCategoriesEndpoint.swift */ = {isa = PBXFileReference; lastKnownFileType = sourcecode.swift; path = MoviesCategoriesEndpoint.swift; sourceTree = "<group>"; };
		51FB43042A2C94E40007CE78 /* RequestProviding.swift */ = {isa = PBXFileReference; lastKnownFileType = sourcecode.swift; path = RequestProviding.swift; sourceTree = "<group>"; };
		51FB43072A2C96270007CE78 /* MoviesCategory.swift */ = {isa = PBXFileReference; lastKnownFileType = sourcecode.swift; path = MoviesCategory.swift; sourceTree = "<group>"; };
		51FB430A2A2C96F40007CE78 /* URLRequest + Extension.swift */ = {isa = PBXFileReference; lastKnownFileType = sourcecode.swift; path = "URLRequest + Extension.swift"; sourceTree = "<group>"; };
		51FB430D2A2C97AD0007CE78 /* Network.swift */ = {isa = PBXFileReference; lastKnownFileType = sourcecode.swift; path = Network.swift; sourceTree = "<group>"; };
		51FB43102A2C98D20007CE78 /* MoviesByCategoryDataSource.swift */ = {isa = PBXFileReference; lastKnownFileType = sourcecode.swift; path = MoviesByCategoryDataSource.swift; sourceTree = "<group>"; };
		51FB43152A2C9B6E0007CE78 /* MoviesByCategoryRepositoryInterface.swift */ = {isa = PBXFileReference; lastKnownFileType = sourcecode.swift; path = MoviesByCategoryRepositoryInterface.swift; sourceTree = "<group>"; };
		51FB43172A2C9C390007CE78 /* MoviesByCategoryRepository.swift */ = {isa = PBXFileReference; lastKnownFileType = sourcecode.swift; path = MoviesByCategoryRepository.swift; sourceTree = "<group>"; };
		51FB431B2A2CA38B0007CE78 /* MainPageViewModel.swift */ = {isa = PBXFileReference; lastKnownFileType = sourcecode.swift; path = MainPageViewModel.swift; sourceTree = "<group>"; };
		51FB431E2A2CAB950007CE78 /* MoviePosterCollectionViewCell.swift */ = {isa = PBXFileReference; lastKnownFileType = sourcecode.swift; path = MoviePosterCollectionViewCell.swift; sourceTree = "<group>"; };
		51FB43212A2CB22C0007CE78 /* SectionHeaderCollectionReusableView.swift */ = {isa = PBXFileReference; lastKnownFileType = sourcecode.swift; path = SectionHeaderCollectionReusableView.swift; sourceTree = "<group>"; };
		7D1C2F86AC2C07560335F64F /* Pods-Movies Explorer-Movies ExplorerUITests.release.xcconfig */ = {isa = PBXFileReference; includeInIndex = 1; lastKnownFileType = text.xcconfig; name = "Pods-Movies Explorer-Movies ExplorerUITests.release.xcconfig"; path = "Target Support Files/Pods-Movies Explorer-Movies ExplorerUITests/Pods-Movies Explorer-Movies ExplorerUITests.release.xcconfig"; sourceTree = "<group>"; };
		8A7DDD0D81B7619FECDD3514 /* Pods-Movies Explorer.debug.xcconfig */ = {isa = PBXFileReference; includeInIndex = 1; lastKnownFileType = text.xcconfig; name = "Pods-Movies Explorer.debug.xcconfig"; path = "Target Support Files/Pods-Movies Explorer/Pods-Movies Explorer.debug.xcconfig"; sourceTree = "<group>"; };
		8D0F04C3D371F092758F11D7 /* Pods_Movies_Explorer.framework */ = {isa = PBXFileReference; explicitFileType = wrapper.framework; includeInIndex = 0; path = Pods_Movies_Explorer.framework; sourceTree = BUILT_PRODUCTS_DIR; };
		8F5EF8573C2564BD50F09A1D /* Pods-Movies Explorer.release.xcconfig */ = {isa = PBXFileReference; includeInIndex = 1; lastKnownFileType = text.xcconfig; name = "Pods-Movies Explorer.release.xcconfig"; path = "Target Support Files/Pods-Movies Explorer/Pods-Movies Explorer.release.xcconfig"; sourceTree = "<group>"; };
		972C44A0E2B75ED4562CEB46 /* Pods-Movies Explorer-Movies ExplorerUITests.debug.xcconfig */ = {isa = PBXFileReference; includeInIndex = 1; lastKnownFileType = text.xcconfig; name = "Pods-Movies Explorer-Movies ExplorerUITests.debug.xcconfig"; path = "Target Support Files/Pods-Movies Explorer-Movies ExplorerUITests/Pods-Movies Explorer-Movies ExplorerUITests.debug.xcconfig"; sourceTree = "<group>"; };
		EE9DA2661DD46C32CDD8DE6A /* Pods-Movies ExplorerTests.debug.xcconfig */ = {isa = PBXFileReference; includeInIndex = 1; lastKnownFileType = text.xcconfig; name = "Pods-Movies ExplorerTests.debug.xcconfig"; path = "Target Support Files/Pods-Movies ExplorerTests/Pods-Movies ExplorerTests.debug.xcconfig"; sourceTree = "<group>"; };
/* End PBXFileReference section */

/* Begin PBXFrameworksBuildPhase section */
		51FB42B82A2C8EB00007CE78 /* Frameworks */ = {
			isa = PBXFrameworksBuildPhase;
			buildActionMask = 2147483647;
			files = (
				FE5E7F13102145212A5B495D /* Pods_Movies_Explorer.framework in Frameworks */,
			);
			runOnlyForDeploymentPostprocessing = 0;
		};
		51FB42CE2A2C8EB20007CE78 /* Frameworks */ = {
			isa = PBXFrameworksBuildPhase;
			buildActionMask = 2147483647;
			files = (
				7E7F2A9FFC1DC4D9B23B860A /* Pods_Movies_ExplorerTests.framework in Frameworks */,
			);
			runOnlyForDeploymentPostprocessing = 0;
		};
		51FB42D82A2C8EB20007CE78 /* Frameworks */ = {
			isa = PBXFrameworksBuildPhase;
			buildActionMask = 2147483647;
			files = (
				6367152012EB89030373B114 /* Pods_Movies_Explorer_Movies_ExplorerUITests.framework in Frameworks */,
			);
			runOnlyForDeploymentPostprocessing = 0;
		};
/* End PBXFrameworksBuildPhase section */

/* Begin PBXGroup section */
		2D8F55B058F1F894F4A0EE12 /* Pods */ = {
			isa = PBXGroup;
			children = (
				8A7DDD0D81B7619FECDD3514 /* Pods-Movies Explorer.debug.xcconfig */,
				8F5EF8573C2564BD50F09A1D /* Pods-Movies Explorer.release.xcconfig */,
				972C44A0E2B75ED4562CEB46 /* Pods-Movies Explorer-Movies ExplorerUITests.debug.xcconfig */,
				7D1C2F86AC2C07560335F64F /* Pods-Movies Explorer-Movies ExplorerUITests.release.xcconfig */,
				EE9DA2661DD46C32CDD8DE6A /* Pods-Movies ExplorerTests.debug.xcconfig */,
				1EDE5AF9CB4C553C62CB22F5 /* Pods-Movies ExplorerTests.release.xcconfig */,
			);
			path = Pods;
			sourceTree = "<group>";
		};
		505D788F5BCB55B6BBBF5034 /* Frameworks */ = {
			isa = PBXGroup;
			children = (
				8D0F04C3D371F092758F11D7 /* Pods_Movies_Explorer.framework */,
				460F9439A9FFF43642C35322 /* Pods_Movies_Explorer_Movies_ExplorerUITests.framework */,
				00D7FECD0919E55F21F353FA /* Pods_Movies_ExplorerTests.framework */,
			);
			name = Frameworks;
			sourceTree = "<group>";
		};
		512D17962A3493BB00481E3B /* CategoryMovies */ = {
			isa = PBXGroup;
			children = (
				512D17972A3493C400481E3B /* Presentation Layer */,
			);
			path = CategoryMovies;
			sourceTree = "<group>";
		};
		512D17972A3493C400481E3B /* Presentation Layer */ = {
			isa = PBXGroup;
			children = (
				512D17992A3493CF00481E3B /* Views */,
				512D17982A3493CB00481E3B /* ViewModels */,
			);
			path = "Presentation Layer";
			sourceTree = "<group>";
		};
		512D17982A3493CB00481E3B /* ViewModels */ = {
			isa = PBXGroup;
			children = (
				512D179A2A3493DC00481E3B /* CategoryMoviesViewModel.swift */,
			);
			path = ViewModels;
			sourceTree = "<group>";
		};
		512D17992A3493CF00481E3B /* Views */ = {
			isa = PBXGroup;
			children = (
				512D179C2A3497E200481E3B /* CategoryMoviesViewController.swift */,
			);
			path = Views;
			sourceTree = "<group>";
		};
		512D179E2A35C83600481E3B /* Movie Details */ = {
			isa = PBXGroup;
			children = (
				512D17B22A35CF4A00481E3B /* Presentation Layer */,
				512D17AB2A35CDD100481E3B /* Domain Layer */,
				512D179F2A35C84900481E3B /* Data Layer */,
			);
			path = "Movie Details";
			sourceTree = "<group>";
		};
		512D179F2A35C84900481E3B /* Data Layer */ = {
			isa = PBXGroup;
			children = (
				512D17AF2A35CE1800481E3B /* Repository */,
				512D17A82A35CCB200481E3B /* Data Source */,
				512D17A52A35CBD900481E3B /* Endpoint */,
				512D17A02A35C85900481E3B /* Models */,
			);
			path = "Data Layer";
			sourceTree = "<group>";
		};
		512D17A02A35C85900481E3B /* Models */ = {
			isa = PBXGroup;
			children = (
				512D17A12A35C9A100481E3B /* MovieDetailModel.swift */,
				512D17A32A35CA6F00481E3B /* MovieProductionCompanyModel.swift */,
			);
			path = Models;
			sourceTree = "<group>";
		};
		512D17A52A35CBD900481E3B /* Endpoint */ = {
			isa = PBXGroup;
			children = (
				512D17A62A35CBE300481E3B /* MovieDetailEndpoint.swift */,
			);
			path = Endpoint;
			sourceTree = "<group>";
		};
		512D17A82A35CCB200481E3B /* Data Source */ = {
			isa = PBXGroup;
			children = (
				512D17A92A35CCBC00481E3B /* MovieDetailDataSource.swift */,
			);
			path = "Data Source";
			sourceTree = "<group>";
		};
		512D17AB2A35CDD100481E3B /* Domain Layer */ = {
			isa = PBXGroup;
			children = (
				512D17AC2A35CDD400481E3B /* Interfaces */,
			);
			path = "Domain Layer";
			sourceTree = "<group>";
		};
		512D17AC2A35CDD400481E3B /* Interfaces */ = {
			isa = PBXGroup;
			children = (
				512D17AD2A35CDE100481E3B /* MovieDetailRepositoryInterface.swift */,
			);
			path = Interfaces;
			sourceTree = "<group>";
		};
		512D17AF2A35CE1800481E3B /* Repository */ = {
			isa = PBXGroup;
			children = (
				512D17B02A35CE5800481E3B /* MovieDetailRepository.swift */,
			);
			path = Repository;
			sourceTree = "<group>";
		};
		512D17B22A35CF4A00481E3B /* Presentation Layer */ = {
			isa = PBXGroup;
			children = (
				512D17B42A35CF5E00481E3B /* Views */,
				512D17B32A35CF5A00481E3B /* ViewModels */,
			);
			path = "Presentation Layer";
			sourceTree = "<group>";
		};
		512D17B32A35CF5A00481E3B /* ViewModels */ = {
			isa = PBXGroup;
			children = (
				512D17B52A35CF6D00481E3B /* MovieDetailViewModel.swift */,
			);
			path = ViewModels;
			sourceTree = "<group>";
		};
		512D17B42A35CF5E00481E3B /* Views */ = {
			isa = PBXGroup;
			children = (
				512D17B92A35D61A00481E3B /* Cells */,
				512D17B72A35D32500481E3B /* MovieDetailViewController.swift */,
			);
			path = Views;
			sourceTree = "<group>";
		};
		512D17B92A35D61A00481E3B /* Cells */ = {
			isa = PBXGroup;
			children = (
				512D17BA2A35D64200481E3B /* MovieDetailBackgroundImageCollectionViewCell.swift */,
				512D17BE2A35D7FF00481E3B /* MovieDetailInfoCollectionViewCell.swift */,
				512D17C02A35E39A00481E3B /* MovieDetailOverviewCollectionViewCell.swift */,
				512D17C22A35E4B900481E3B /* MovieDetailProductionCompanyCollectionViewCell.swift */,
			);
			path = Cells;
			sourceTree = "<group>";
		};
		51FB42B22A2C8EB00007CE78 = {
			isa = PBXGroup;
			children = (
				51FB42BD2A2C8EB00007CE78 /* Movies Explorer */,
				51FB42D42A2C8EB20007CE78 /* Movies ExplorerTests */,
				51FB42DE2A2C8EB20007CE78 /* Movies ExplorerUITests */,
				51FB42BC2A2C8EB00007CE78 /* Products */,
				2D8F55B058F1F894F4A0EE12 /* Pods */,
				505D788F5BCB55B6BBBF5034 /* Frameworks */,
			);
			sourceTree = "<group>";
		};
		51FB42BC2A2C8EB00007CE78 /* Products */ = {
			isa = PBXGroup;
			children = (
				51FB42BB2A2C8EB00007CE78 /* Movies Explorer.app */,
				51FB42D12A2C8EB20007CE78 /* Movies ExplorerTests.xctest */,
				51FB42DB2A2C8EB20007CE78 /* Movies ExplorerUITests.xctest */,
			);
			name = Products;
			sourceTree = "<group>";
		};
		51FB42BD2A2C8EB00007CE78 /* Movies Explorer */ = {
			isa = PBXGroup;
			children = (
				51FB42F02A2C90C40007CE78 /* Application */,
				51FB42F92A2C92930007CE78 /* Common */,
				51FB42F22A2C90D80007CE78 /* UserStories */,
				51FB42F12A2C90CC0007CE78 /* Resources */,
				51FB42F32A2C910F0007CE78 /* Support */,
			);
			path = "Movies Explorer";
			sourceTree = "<group>";
		};
		51FB42D42A2C8EB20007CE78 /* Movies ExplorerTests */ = {
			isa = PBXGroup;
			children = (
				51FB42D52A2C8EB20007CE78 /* Movies_ExplorerTests.swift */,
			);
			path = "Movies ExplorerTests";
			sourceTree = "<group>";
		};
		51FB42DE2A2C8EB20007CE78 /* Movies ExplorerUITests */ = {
			isa = PBXGroup;
			children = (
				51FB42DF2A2C8EB20007CE78 /* Movies_ExplorerUITests.swift */,
				51FB42E12A2C8EB20007CE78 /* Movies_ExplorerUITestsLaunchTests.swift */,
			);
			path = "Movies ExplorerUITests";
			sourceTree = "<group>";
		};
		51FB42F02A2C90C40007CE78 /* Application */ = {
			isa = PBXGroup;
			children = (
				51FB42BE2A2C8EB00007CE78 /* AppDelegate.swift */,
				51FB42C02A2C8EB00007CE78 /* SceneDelegate.swift */,
			);
			path = Application;
			sourceTree = "<group>";
		};
		51FB42F12A2C90CC0007CE78 /* Resources */ = {
			isa = PBXGroup;
			children = (
				51FB42C72A2C8EB20007CE78 /* Assets.xcassets */,
			);
			path = Resources;
			sourceTree = "<group>";
		};
		51FB42F22A2C90D80007CE78 /* UserStories */ = {
			isa = PBXGroup;
			children = (
				512D179E2A35C83600481E3B /* Movie Details */,
				512D17962A3493BB00481E3B /* CategoryMovies */,
				51FB42F42A2C912A0007CE78 /* Main Page */,
			);
			path = UserStories;
			sourceTree = "<group>";
		};
		51FB42F32A2C910F0007CE78 /* Support */ = {
			isa = PBXGroup;
			children = (
				51FB42C92A2C8EB20007CE78 /* LaunchScreen.storyboard */,
				51FB42CC2A2C8EB20007CE78 /* Info.plist */,
			);
			path = Support;
			sourceTree = "<group>";
		};
		51FB42F42A2C912A0007CE78 /* Main Page */ = {
			isa = PBXGroup;
			children = (
				51FB42F52A2C91500007CE78 /* Presentation Layer */,
				51FB42F62A2C91560007CE78 /* Domain Layer */,
				51FB42F72A2C91C90007CE78 /* Data Layer */,
			);
			path = "Main Page";
			sourceTree = "<group>";
		};
		51FB42F52A2C91500007CE78 /* Presentation Layer */ = {
			isa = PBXGroup;
			children = (
				51FB431A2A2CA37B0007CE78 /* Views */,
				51FB43192A2CA3780007CE78 /* ViewModels */,
			);
			path = "Presentation Layer";
			sourceTree = "<group>";
		};
		51FB42F62A2C91560007CE78 /* Domain Layer */ = {
			isa = PBXGroup;
			children = (
				51FB43132A2C9B520007CE78 /* Interfaces */,
				51FB43062A2C961B0007CE78 /* Entities */,
			);
			path = "Domain Layer";
			sourceTree = "<group>";
		};
		51FB42F72A2C91C90007CE78 /* Data Layer */ = {
			isa = PBXGroup;
			children = (
				51FB43122A2C9B500007CE78 /* Repository */,
				51FB430F2A2C98B50007CE78 /* Data Source */,
				51FB43002A2C94AC0007CE78 /* Endpoint */,
				51FB42F82A2C92780007CE78 /* Models */,
			);
			path = "Data Layer";
			sourceTree = "<group>";
		};
		51FB42F82A2C92780007CE78 /* Models */ = {
			isa = PBXGroup;
			children = (
				51FB42FC2A2C93070007CE78 /* MoviePosterModel.swift */,
				51FB42FE2A2C93D00007CE78 /* PaginationModel.swift */,
			);
			path = Models;
			sourceTree = "<group>";
		};
		51FB42F92A2C92930007CE78 /* Common */ = {
			isa = PBXGroup;
			children = (
				51FB430C2A2C97A60007CE78 /* Network */,
				51FB43092A2C96EA0007CE78 /* Extension */,
				51FB43032A2C94D50007CE78 /* Protocols */,
				51FB42FA2A2C929E0007CE78 /* Constants.swift */,
				512D178E2A34553B00481E3B /* Colors.swift */,
			);
			path = Common;
			sourceTree = "<group>";
		};
		51FB43002A2C94AC0007CE78 /* Endpoint */ = {
			isa = PBXGroup;
			children = (
				51FB43012A2C94CA0007CE78 /* MoviesCategoriesEndpoint.swift */,
			);
			path = Endpoint;
			sourceTree = "<group>";
		};
		51FB43032A2C94D50007CE78 /* Protocols */ = {
			isa = PBXGroup;
			children = (
				51FB43042A2C94E40007CE78 /* RequestProviding.swift */,
			);
			path = Protocols;
			sourceTree = "<group>";
		};
		51FB43062A2C961B0007CE78 /* Entities */ = {
			isa = PBXGroup;
			children = (
				51FB43072A2C96270007CE78 /* MoviesCategory.swift */,
			);
			path = Entities;
			sourceTree = "<group>";
		};
		51FB43092A2C96EA0007CE78 /* Extension */ = {
			isa = PBXGroup;
			children = (
				51FB430A2A2C96F40007CE78 /* URLRequest + Extension.swift */,
				512D17BC2A35D7A300481E3B /* NSObject + Extension.swift */,
				512D17C42A35EDA000481E3B /* Data + Extension.swift */,
			);
			path = Extension;
			sourceTree = "<group>";
		};
		51FB430C2A2C97A60007CE78 /* Network */ = {
			isa = PBXGroup;
			children = (
				51FB430D2A2C97AD0007CE78 /* Network.swift */,
			);
			path = Network;
			sourceTree = "<group>";
		};
		51FB430F2A2C98B50007CE78 /* Data Source */ = {
			isa = PBXGroup;
			children = (
				51FB43102A2C98D20007CE78 /* MoviesByCategoryDataSource.swift */,
			);
			path = "Data Source";
			sourceTree = "<group>";
		};
		51FB43122A2C9B500007CE78 /* Repository */ = {
			isa = PBXGroup;
			children = (
				51FB43172A2C9C390007CE78 /* MoviesByCategoryRepository.swift */,
			);
			path = Repository;
			sourceTree = "<group>";
		};
		51FB43132A2C9B520007CE78 /* Interfaces */ = {
			isa = PBXGroup;
			children = (
				51FB43142A2C9B580007CE78 /* Repository */,
			);
			path = Interfaces;
			sourceTree = "<group>";
		};
		51FB43142A2C9B580007CE78 /* Repository */ = {
			isa = PBXGroup;
			children = (
				51FB43152A2C9B6E0007CE78 /* MoviesByCategoryRepositoryInterface.swift */,
			);
			path = Repository;
			sourceTree = "<group>";
		};
		51FB43192A2CA3780007CE78 /* ViewModels */ = {
			isa = PBXGroup;
			children = (
				51FB431B2A2CA38B0007CE78 /* MainPageViewModel.swift */,
			);
			path = ViewModels;
			sourceTree = "<group>";
		};
		51FB431A2A2CA37B0007CE78 /* Views */ = {
			isa = PBXGroup;
			children = (
				51FB43202A2CB2140007CE78 /* Supplementary Views */,
				51FB431D2A2CAB850007CE78 /* Cells */,
				51FB42EE2A2C8F290007CE78 /* MainPageViewController.swift */,
			);
			path = Views;
			sourceTree = "<group>";
		};
		51FB431D2A2CAB850007CE78 /* Cells */ = {
			isa = PBXGroup;
			children = (
				51FB431E2A2CAB950007CE78 /* MoviePosterCollectionViewCell.swift */,
				512D17922A34793400481E3B /* MovieSkeletonCollectionViewCell.swift */,
			);
			path = Cells;
			sourceTree = "<group>";
		};
		51FB43202A2CB2140007CE78 /* Supplementary Views */ = {
			isa = PBXGroup;
			children = (
				51FB43212A2CB22C0007CE78 /* SectionHeaderCollectionReusableView.swift */,
				512D17942A347A2300481E3B /* SectionSkeletonCollectionReusableView.swift */,
			);
			path = "Supplementary Views";
			sourceTree = "<group>";
		};
/* End PBXGroup section */

/* Begin PBXNativeTarget section */
		51FB42BA2A2C8EB00007CE78 /* Movies Explorer */ = {
			isa = PBXNativeTarget;
			buildConfigurationList = 51FB42E52A2C8EB20007CE78 /* Build configuration list for PBXNativeTarget "Movies Explorer" */;
			buildPhases = (
				0DCBCC092D30FCF07F045A11 /* [CP] Check Pods Manifest.lock */,
				51FB42B72A2C8EB00007CE78 /* Sources */,
				51FB42B82A2C8EB00007CE78 /* Frameworks */,
				51FB42B92A2C8EB00007CE78 /* Resources */,
				B823CAA26557E00D95F5A8D1 /* [CP] Embed Pods Frameworks */,
			);
			buildRules = (
			);
			dependencies = (
			);
			name = "Movies Explorer";
			productName = "Movies Explorer";
			productReference = 51FB42BB2A2C8EB00007CE78 /* Movies Explorer.app */;
			productType = "com.apple.product-type.application";
		};
		51FB42D02A2C8EB20007CE78 /* Movies ExplorerTests */ = {
			isa = PBXNativeTarget;
			buildConfigurationList = 51FB42E82A2C8EB20007CE78 /* Build configuration list for PBXNativeTarget "Movies ExplorerTests" */;
			buildPhases = (
				94011B3B741FAD56E6064AB9 /* [CP] Check Pods Manifest.lock */,
				51FB42CD2A2C8EB20007CE78 /* Sources */,
				51FB42CE2A2C8EB20007CE78 /* Frameworks */,
				51FB42CF2A2C8EB20007CE78 /* Resources */,
			);
			buildRules = (
			);
			dependencies = (
				51FB42D32A2C8EB20007CE78 /* PBXTargetDependency */,
			);
			name = "Movies ExplorerTests";
			productName = "Movies ExplorerTests";
			productReference = 51FB42D12A2C8EB20007CE78 /* Movies ExplorerTests.xctest */;
			productType = "com.apple.product-type.bundle.unit-test";
		};
		51FB42DA2A2C8EB20007CE78 /* Movies ExplorerUITests */ = {
			isa = PBXNativeTarget;
			buildConfigurationList = 51FB42EB2A2C8EB20007CE78 /* Build configuration list for PBXNativeTarget "Movies ExplorerUITests" */;
			buildPhases = (
				5D83EA15AD8814702C6F398D /* [CP] Check Pods Manifest.lock */,
				51FB42D72A2C8EB20007CE78 /* Sources */,
				51FB42D82A2C8EB20007CE78 /* Frameworks */,
				51FB42D92A2C8EB20007CE78 /* Resources */,
				8664CF0A65B611DC0635DB01 /* [CP] Embed Pods Frameworks */,
			);
			buildRules = (
			);
			dependencies = (
				51FB42DD2A2C8EB20007CE78 /* PBXTargetDependency */,
			);
			name = "Movies ExplorerUITests";
			productName = "Movies ExplorerUITests";
			productReference = 51FB42DB2A2C8EB20007CE78 /* Movies ExplorerUITests.xctest */;
			productType = "com.apple.product-type.bundle.ui-testing";
		};
/* End PBXNativeTarget section */

/* Begin PBXProject section */
		51FB42B32A2C8EB00007CE78 /* Project object */ = {
			isa = PBXProject;
			attributes = {
				BuildIndependentTargetsInParallel = 1;
				LastSwiftUpdateCheck = 1420;
				LastUpgradeCheck = 1420;
				TargetAttributes = {
					51FB42BA2A2C8EB00007CE78 = {
						CreatedOnToolsVersion = 14.2;
					};
					51FB42D02A2C8EB20007CE78 = {
						CreatedOnToolsVersion = 14.2;
						TestTargetID = 51FB42BA2A2C8EB00007CE78;
					};
					51FB42DA2A2C8EB20007CE78 = {
						CreatedOnToolsVersion = 14.2;
						TestTargetID = 51FB42BA2A2C8EB00007CE78;
					};
				};
			};
			buildConfigurationList = 51FB42B62A2C8EB00007CE78 /* Build configuration list for PBXProject "Movies Explorer" */;
			compatibilityVersion = "Xcode 14.0";
			developmentRegion = en;
			hasScannedForEncodings = 0;
			knownRegions = (
				en,
				Base,
			);
			mainGroup = 51FB42B22A2C8EB00007CE78;
			productRefGroup = 51FB42BC2A2C8EB00007CE78 /* Products */;
			projectDirPath = "";
			projectRoot = "";
			targets = (
				51FB42BA2A2C8EB00007CE78 /* Movies Explorer */,
				51FB42D02A2C8EB20007CE78 /* Movies ExplorerTests */,
				51FB42DA2A2C8EB20007CE78 /* Movies ExplorerUITests */,
			);
		};
/* End PBXProject section */

/* Begin PBXResourcesBuildPhase section */
		51FB42B92A2C8EB00007CE78 /* Resources */ = {
			isa = PBXResourcesBuildPhase;
			buildActionMask = 2147483647;
			files = (
				51FB42CB2A2C8EB20007CE78 /* LaunchScreen.storyboard in Resources */,
				51FB42C82A2C8EB20007CE78 /* Assets.xcassets in Resources */,
			);
			runOnlyForDeploymentPostprocessing = 0;
		};
		51FB42CF2A2C8EB20007CE78 /* Resources */ = {
			isa = PBXResourcesBuildPhase;
			buildActionMask = 2147483647;
			files = (
			);
			runOnlyForDeploymentPostprocessing = 0;
		};
		51FB42D92A2C8EB20007CE78 /* Resources */ = {
			isa = PBXResourcesBuildPhase;
			buildActionMask = 2147483647;
			files = (
			);
			runOnlyForDeploymentPostprocessing = 0;
		};
/* End PBXResourcesBuildPhase section */

/* Begin PBXShellScriptBuildPhase section */
		0DCBCC092D30FCF07F045A11 /* [CP] Check Pods Manifest.lock */ = {
			isa = PBXShellScriptBuildPhase;
			buildActionMask = 2147483647;
			files = (
			);
			inputFileListPaths = (
			);
			inputPaths = (
				"${PODS_PODFILE_DIR_PATH}/Podfile.lock",
				"${PODS_ROOT}/Manifest.lock",
			);
			name = "[CP] Check Pods Manifest.lock";
			outputFileListPaths = (
			);
			outputPaths = (
				"$(DERIVED_FILE_DIR)/Pods-Movies Explorer-checkManifestLockResult.txt",
			);
			runOnlyForDeploymentPostprocessing = 0;
			shellPath = /bin/sh;
			shellScript = "diff \"${PODS_PODFILE_DIR_PATH}/Podfile.lock\" \"${PODS_ROOT}/Manifest.lock\" > /dev/null\nif [ $? != 0 ] ; then\n    # print error to STDERR\n    echo \"error: The sandbox is not in sync with the Podfile.lock. Run 'pod install' or update your CocoaPods installation.\" >&2\n    exit 1\nfi\n# This output is used by Xcode 'outputs' to avoid re-running this script phase.\necho \"SUCCESS\" > \"${SCRIPT_OUTPUT_FILE_0}\"\n";
			showEnvVarsInLog = 0;
		};
		5D83EA15AD8814702C6F398D /* [CP] Check Pods Manifest.lock */ = {
			isa = PBXShellScriptBuildPhase;
			buildActionMask = 2147483647;
			files = (
			);
			inputFileListPaths = (
			);
			inputPaths = (
				"${PODS_PODFILE_DIR_PATH}/Podfile.lock",
				"${PODS_ROOT}/Manifest.lock",
			);
			name = "[CP] Check Pods Manifest.lock";
			outputFileListPaths = (
			);
			outputPaths = (
				"$(DERIVED_FILE_DIR)/Pods-Movies Explorer-Movies ExplorerUITests-checkManifestLockResult.txt",
			);
			runOnlyForDeploymentPostprocessing = 0;
			shellPath = /bin/sh;
			shellScript = "diff \"${PODS_PODFILE_DIR_PATH}/Podfile.lock\" \"${PODS_ROOT}/Manifest.lock\" > /dev/null\nif [ $? != 0 ] ; then\n    # print error to STDERR\n    echo \"error: The sandbox is not in sync with the Podfile.lock. Run 'pod install' or update your CocoaPods installation.\" >&2\n    exit 1\nfi\n# This output is used by Xcode 'outputs' to avoid re-running this script phase.\necho \"SUCCESS\" > \"${SCRIPT_OUTPUT_FILE_0}\"\n";
			showEnvVarsInLog = 0;
		};
		8664CF0A65B611DC0635DB01 /* [CP] Embed Pods Frameworks */ = {
			isa = PBXShellScriptBuildPhase;
			buildActionMask = 2147483647;
			files = (
			);
			inputFileListPaths = (
				"${PODS_ROOT}/Target Support Files/Pods-Movies Explorer-Movies ExplorerUITests/Pods-Movies Explorer-Movies ExplorerUITests-frameworks-${CONFIGURATION}-input-files.xcfilelist",
			);
			name = "[CP] Embed Pods Frameworks";
			outputFileListPaths = (
				"${PODS_ROOT}/Target Support Files/Pods-Movies Explorer-Movies ExplorerUITests/Pods-Movies Explorer-Movies ExplorerUITests-frameworks-${CONFIGURATION}-output-files.xcfilelist",
			);
			runOnlyForDeploymentPostprocessing = 0;
			shellPath = /bin/sh;
			shellScript = "\"${PODS_ROOT}/Target Support Files/Pods-Movies Explorer-Movies ExplorerUITests/Pods-Movies Explorer-Movies ExplorerUITests-frameworks.sh\"\n";
			showEnvVarsInLog = 0;
		};
		94011B3B741FAD56E6064AB9 /* [CP] Check Pods Manifest.lock */ = {
			isa = PBXShellScriptBuildPhase;
			buildActionMask = 2147483647;
			files = (
			);
			inputFileListPaths = (
			);
			inputPaths = (
				"${PODS_PODFILE_DIR_PATH}/Podfile.lock",
				"${PODS_ROOT}/Manifest.lock",
			);
			name = "[CP] Check Pods Manifest.lock";
			outputFileListPaths = (
			);
			outputPaths = (
				"$(DERIVED_FILE_DIR)/Pods-Movies ExplorerTests-checkManifestLockResult.txt",
			);
			runOnlyForDeploymentPostprocessing = 0;
			shellPath = /bin/sh;
			shellScript = "diff \"${PODS_PODFILE_DIR_PATH}/Podfile.lock\" \"${PODS_ROOT}/Manifest.lock\" > /dev/null\nif [ $? != 0 ] ; then\n    # print error to STDERR\n    echo \"error: The sandbox is not in sync with the Podfile.lock. Run 'pod install' or update your CocoaPods installation.\" >&2\n    exit 1\nfi\n# This output is used by Xcode 'outputs' to avoid re-running this script phase.\necho \"SUCCESS\" > \"${SCRIPT_OUTPUT_FILE_0}\"\n";
			showEnvVarsInLog = 0;
		};
		B823CAA26557E00D95F5A8D1 /* [CP] Embed Pods Frameworks */ = {
			isa = PBXShellScriptBuildPhase;
			buildActionMask = 2147483647;
			files = (
			);
			inputFileListPaths = (
				"${PODS_ROOT}/Target Support Files/Pods-Movies Explorer/Pods-Movies Explorer-frameworks-${CONFIGURATION}-input-files.xcfilelist",
			);
			name = "[CP] Embed Pods Frameworks";
			outputFileListPaths = (
				"${PODS_ROOT}/Target Support Files/Pods-Movies Explorer/Pods-Movies Explorer-frameworks-${CONFIGURATION}-output-files.xcfilelist",
			);
			runOnlyForDeploymentPostprocessing = 0;
			shellPath = /bin/sh;
			shellScript = "\"${PODS_ROOT}/Target Support Files/Pods-Movies Explorer/Pods-Movies Explorer-frameworks.sh\"\n";
			showEnvVarsInLog = 0;
		};
/* End PBXShellScriptBuildPhase section */

/* Begin PBXSourcesBuildPhase section */
		51FB42B72A2C8EB00007CE78 /* Sources */ = {
			isa = PBXSourcesBuildPhase;
			buildActionMask = 2147483647;
			files = (
				51FB43162A2C9B6E0007CE78 /* MoviesByCategoryRepositoryInterface.swift in Sources */,
				512D17A42A35CA6F00481E3B /* MovieProductionCompanyModel.swift in Sources */,
				51FB43022A2C94CA0007CE78 /* MoviesCategoriesEndpoint.swift in Sources */,
				51FB431F2A2CAB950007CE78 /* MoviePosterCollectionViewCell.swift in Sources */,
				512D17A22A35C9A100481E3B /* MovieDetailModel.swift in Sources */,
				512D17B12A35CE5800481E3B /* MovieDetailRepository.swift in Sources */,
				512D179D2A3497E200481E3B /* CategoryMoviesViewController.swift in Sources */,
				51FB42EF2A2C8F290007CE78 /* MainPageViewController.swift in Sources */,
				51FB42FF2A2C93D00007CE78 /* PaginationModel.swift in Sources */,
				51FB43222A2CB22C0007CE78 /* SectionHeaderCollectionReusableView.swift in Sources */,
				512D17A72A35CBE300481E3B /* MovieDetailEndpoint.swift in Sources */,
				51FB42BF2A2C8EB00007CE78 /* AppDelegate.swift in Sources */,
				51FB43112A2C98D20007CE78 /* MoviesByCategoryDataSource.swift in Sources */,
				512D179B2A3493DC00481E3B /* CategoryMoviesViewModel.swift in Sources */,
				51FB43052A2C94E40007CE78 /* RequestProviding.swift in Sources */,
				51FB430E2A2C97AD0007CE78 /* Network.swift in Sources */,
				512D17B82A35D32500481E3B /* MovieDetailViewController.swift in Sources */,
				512D17C12A35E39A00481E3B /* MovieDetailOverviewCollectionViewCell.swift in Sources */,
				512D17C32A35E4B900481E3B /* MovieDetailProductionCompanyCollectionViewCell.swift in Sources */,
				512D17BF2A35D7FF00481E3B /* MovieDetailInfoCollectionViewCell.swift in Sources */,
				51FB43082A2C96270007CE78 /* MoviesCategory.swift in Sources */,
				512D178F2A34553B00481E3B /* Colors.swift in Sources */,
				51FB42C12A2C8EB00007CE78 /* SceneDelegate.swift in Sources */,
				512D17C52A35EDA000481E3B /* Data + Extension.swift in Sources */,
				51FB43182A2C9C390007CE78 /* MoviesByCategoryRepository.swift in Sources */,
				512D17BD2A35D7A300481E3B /* NSObject + Extension.swift in Sources */,
				512D17952A347A2300481E3B /* SectionSkeletonCollectionReusableView.swift in Sources */,
				51FB430B2A2C96F40007CE78 /* URLRequest + Extension.swift in Sources */,
				51FB431C2A2CA38B0007CE78 /* MainPageViewModel.swift in Sources */,
				512D17B62A35CF6D00481E3B /* MovieDetailViewModel.swift in Sources */,
				512D17BB2A35D64200481E3B /* MovieDetailBackgroundImageCollectionViewCell.swift in Sources */,
				512D17932A34793400481E3B /* MovieSkeletonCollectionViewCell.swift in Sources */,
				51FB42FD2A2C93070007CE78 /* MoviePosterModel.swift in Sources */,
				512D17AE2A35CDE100481E3B /* MovieDetailRepositoryInterface.swift in Sources */,
				512D17AA2A35CCBC00481E3B /* MovieDetailDataSource.swift in Sources */,
				51FB42FB2A2C929E0007CE78 /* Constants.swift in Sources */,
			);
			runOnlyForDeploymentPostprocessing = 0;
		};
		51FB42CD2A2C8EB20007CE78 /* Sources */ = {
			isa = PBXSourcesBuildPhase;
			buildActionMask = 2147483647;
			files = (
				51FB42D62A2C8EB20007CE78 /* Movies_ExplorerTests.swift in Sources */,
			);
			runOnlyForDeploymentPostprocessing = 0;
		};
		51FB42D72A2C8EB20007CE78 /* Sources */ = {
			isa = PBXSourcesBuildPhase;
			buildActionMask = 2147483647;
			files = (
				51FB42E22A2C8EB20007CE78 /* Movies_ExplorerUITestsLaunchTests.swift in Sources */,
				51FB42E02A2C8EB20007CE78 /* Movies_ExplorerUITests.swift in Sources */,
			);
			runOnlyForDeploymentPostprocessing = 0;
		};
/* End PBXSourcesBuildPhase section */

/* Begin PBXTargetDependency section */
		51FB42D32A2C8EB20007CE78 /* PBXTargetDependency */ = {
			isa = PBXTargetDependency;
			target = 51FB42BA2A2C8EB00007CE78 /* Movies Explorer */;
			targetProxy = 51FB42D22A2C8EB20007CE78 /* PBXContainerItemProxy */;
		};
		51FB42DD2A2C8EB20007CE78 /* PBXTargetDependency */ = {
			isa = PBXTargetDependency;
			target = 51FB42BA2A2C8EB00007CE78 /* Movies Explorer */;
			targetProxy = 51FB42DC2A2C8EB20007CE78 /* PBXContainerItemProxy */;
		};
/* End PBXTargetDependency section */

/* Begin PBXVariantGroup section */
		51FB42C92A2C8EB20007CE78 /* LaunchScreen.storyboard */ = {
			isa = PBXVariantGroup;
			children = (
				51FB42CA2A2C8EB20007CE78 /* Base */,
			);
			name = LaunchScreen.storyboard;
			sourceTree = "<group>";
		};
/* End PBXVariantGroup section */

/* Begin XCBuildConfiguration section */
		51FB42E32A2C8EB20007CE78 /* Debug */ = {
			isa = XCBuildConfiguration;
			buildSettings = {
				ALWAYS_SEARCH_USER_PATHS = NO;
				CLANG_ANALYZER_NONNULL = YES;
				CLANG_ANALYZER_NUMBER_OBJECT_CONVERSION = YES_AGGRESSIVE;
				CLANG_CXX_LANGUAGE_STANDARD = "gnu++20";
				CLANG_ENABLE_MODULES = YES;
				CLANG_ENABLE_OBJC_ARC = YES;
				CLANG_ENABLE_OBJC_WEAK = YES;
				CLANG_WARN_BLOCK_CAPTURE_AUTORELEASING = YES;
				CLANG_WARN_BOOL_CONVERSION = YES;
				CLANG_WARN_COMMA = YES;
				CLANG_WARN_CONSTANT_CONVERSION = YES;
				CLANG_WARN_DEPRECATED_OBJC_IMPLEMENTATIONS = YES;
				CLANG_WARN_DIRECT_OBJC_ISA_USAGE = YES_ERROR;
				CLANG_WARN_DOCUMENTATION_COMMENTS = YES;
				CLANG_WARN_EMPTY_BODY = YES;
				CLANG_WARN_ENUM_CONVERSION = YES;
				CLANG_WARN_INFINITE_RECURSION = YES;
				CLANG_WARN_INT_CONVERSION = YES;
				CLANG_WARN_NON_LITERAL_NULL_CONVERSION = YES;
				CLANG_WARN_OBJC_IMPLICIT_RETAIN_SELF = YES;
				CLANG_WARN_OBJC_LITERAL_CONVERSION = YES;
				CLANG_WARN_OBJC_ROOT_CLASS = YES_ERROR;
				CLANG_WARN_QUOTED_INCLUDE_IN_FRAMEWORK_HEADER = YES;
				CLANG_WARN_RANGE_LOOP_ANALYSIS = YES;
				CLANG_WARN_STRICT_PROTOTYPES = YES;
				CLANG_WARN_SUSPICIOUS_MOVE = YES;
				CLANG_WARN_UNGUARDED_AVAILABILITY = YES_AGGRESSIVE;
				CLANG_WARN_UNREACHABLE_CODE = YES;
				CLANG_WARN__DUPLICATE_METHOD_MATCH = YES;
				COPY_PHASE_STRIP = NO;
				DEBUG_INFORMATION_FORMAT = dwarf;
				ENABLE_STRICT_OBJC_MSGSEND = YES;
				ENABLE_TESTABILITY = YES;
				GCC_C_LANGUAGE_STANDARD = gnu11;
				GCC_DYNAMIC_NO_PIC = NO;
				GCC_NO_COMMON_BLOCKS = YES;
				GCC_OPTIMIZATION_LEVEL = 0;
				GCC_PREPROCESSOR_DEFINITIONS = (
					"DEBUG=1",
					"$(inherited)",
				);
				GCC_WARN_64_TO_32_BIT_CONVERSION = YES;
				GCC_WARN_ABOUT_RETURN_TYPE = YES_ERROR;
				GCC_WARN_UNDECLARED_SELECTOR = YES;
				GCC_WARN_UNINITIALIZED_AUTOS = YES_AGGRESSIVE;
				GCC_WARN_UNUSED_FUNCTION = YES;
				GCC_WARN_UNUSED_VARIABLE = YES;
				IPHONEOS_DEPLOYMENT_TARGET = 16.2;
				MTL_ENABLE_DEBUG_INFO = INCLUDE_SOURCE;
				MTL_FAST_MATH = YES;
				ONLY_ACTIVE_ARCH = YES;
				SDKROOT = iphoneos;
				SWIFT_ACTIVE_COMPILATION_CONDITIONS = DEBUG;
				SWIFT_OPTIMIZATION_LEVEL = "-Onone";
			};
			name = Debug;
		};
		51FB42E42A2C8EB20007CE78 /* Release */ = {
			isa = XCBuildConfiguration;
			buildSettings = {
				ALWAYS_SEARCH_USER_PATHS = NO;
				CLANG_ANALYZER_NONNULL = YES;
				CLANG_ANALYZER_NUMBER_OBJECT_CONVERSION = YES_AGGRESSIVE;
				CLANG_CXX_LANGUAGE_STANDARD = "gnu++20";
				CLANG_ENABLE_MODULES = YES;
				CLANG_ENABLE_OBJC_ARC = YES;
				CLANG_ENABLE_OBJC_WEAK = YES;
				CLANG_WARN_BLOCK_CAPTURE_AUTORELEASING = YES;
				CLANG_WARN_BOOL_CONVERSION = YES;
				CLANG_WARN_COMMA = YES;
				CLANG_WARN_CONSTANT_CONVERSION = YES;
				CLANG_WARN_DEPRECATED_OBJC_IMPLEMENTATIONS = YES;
				CLANG_WARN_DIRECT_OBJC_ISA_USAGE = YES_ERROR;
				CLANG_WARN_DOCUMENTATION_COMMENTS = YES;
				CLANG_WARN_EMPTY_BODY = YES;
				CLANG_WARN_ENUM_CONVERSION = YES;
				CLANG_WARN_INFINITE_RECURSION = YES;
				CLANG_WARN_INT_CONVERSION = YES;
				CLANG_WARN_NON_LITERAL_NULL_CONVERSION = YES;
				CLANG_WARN_OBJC_IMPLICIT_RETAIN_SELF = YES;
				CLANG_WARN_OBJC_LITERAL_CONVERSION = YES;
				CLANG_WARN_OBJC_ROOT_CLASS = YES_ERROR;
				CLANG_WARN_QUOTED_INCLUDE_IN_FRAMEWORK_HEADER = YES;
				CLANG_WARN_RANGE_LOOP_ANALYSIS = YES;
				CLANG_WARN_STRICT_PROTOTYPES = YES;
				CLANG_WARN_SUSPICIOUS_MOVE = YES;
				CLANG_WARN_UNGUARDED_AVAILABILITY = YES_AGGRESSIVE;
				CLANG_WARN_UNREACHABLE_CODE = YES;
				CLANG_WARN__DUPLICATE_METHOD_MATCH = YES;
				COPY_PHASE_STRIP = NO;
				DEBUG_INFORMATION_FORMAT = "dwarf-with-dsym";
				ENABLE_NS_ASSERTIONS = NO;
				ENABLE_STRICT_OBJC_MSGSEND = YES;
				GCC_C_LANGUAGE_STANDARD = gnu11;
				GCC_NO_COMMON_BLOCKS = YES;
				GCC_WARN_64_TO_32_BIT_CONVERSION = YES;
				GCC_WARN_ABOUT_RETURN_TYPE = YES_ERROR;
				GCC_WARN_UNDECLARED_SELECTOR = YES;
				GCC_WARN_UNINITIALIZED_AUTOS = YES_AGGRESSIVE;
				GCC_WARN_UNUSED_FUNCTION = YES;
				GCC_WARN_UNUSED_VARIABLE = YES;
				IPHONEOS_DEPLOYMENT_TARGET = 16.2;
				MTL_ENABLE_DEBUG_INFO = NO;
				MTL_FAST_MATH = YES;
				SDKROOT = iphoneos;
				SWIFT_COMPILATION_MODE = wholemodule;
				SWIFT_OPTIMIZATION_LEVEL = "-O";
				VALIDATE_PRODUCT = YES;
			};
			name = Release;
		};
		51FB42E62A2C8EB20007CE78 /* Debug */ = {
			isa = XCBuildConfiguration;
			baseConfigurationReference = 8A7DDD0D81B7619FECDD3514 /* Pods-Movies Explorer.debug.xcconfig */;
			buildSettings = {
				ASSETCATALOG_COMPILER_APPICON_NAME = AppIcon;
				ASSETCATALOG_COMPILER_GLOBAL_ACCENT_COLOR_NAME = AccentColor;
				CODE_SIGN_STYLE = Automatic;
				CURRENT_PROJECT_VERSION = 1;
				DEVELOPMENT_TEAM = Z92VBSZT25;
				GENERATE_INFOPLIST_FILE = YES;
				INFOPLIST_FILE = "Movies Explorer/Support/Info.plist";
				INFOPLIST_KEY_UIApplicationSupportsIndirectInputEvents = YES;
				INFOPLIST_KEY_UILaunchStoryboardName = LaunchScreen;
				INFOPLIST_KEY_UISupportedInterfaceOrientations = UIInterfaceOrientationPortrait;
				LD_RUNPATH_SEARCH_PATHS = (
					"$(inherited)",
					"@executable_path/Frameworks",
				);
				MARKETING_VERSION = 1.0;
				PRODUCT_BUNDLE_IDENTIFIER = "merekeyev.Movies-Explorer";
				PRODUCT_NAME = "$(TARGET_NAME)";
				SWIFT_EMIT_LOC_STRINGS = YES;
				SWIFT_VERSION = 5.0;
				TARGETED_DEVICE_FAMILY = "1,2";
			};
			name = Debug;
		};
		51FB42E72A2C8EB20007CE78 /* Release */ = {
			isa = XCBuildConfiguration;
			baseConfigurationReference = 8F5EF8573C2564BD50F09A1D /* Pods-Movies Explorer.release.xcconfig */;
			buildSettings = {
				ASSETCATALOG_COMPILER_APPICON_NAME = AppIcon;
				ASSETCATALOG_COMPILER_GLOBAL_ACCENT_COLOR_NAME = AccentColor;
				CODE_SIGN_STYLE = Automatic;
				CURRENT_PROJECT_VERSION = 1;
				DEVELOPMENT_TEAM = Z92VBSZT25;
				GENERATE_INFOPLIST_FILE = YES;
				INFOPLIST_FILE = "Movies Explorer/Support/Info.plist";
				INFOPLIST_KEY_UIApplicationSupportsIndirectInputEvents = YES;
				INFOPLIST_KEY_UILaunchStoryboardName = LaunchScreen;
				INFOPLIST_KEY_UISupportedInterfaceOrientations = UIInterfaceOrientationPortrait;
				LD_RUNPATH_SEARCH_PATHS = (
					"$(inherited)",
					"@executable_path/Frameworks",
				);
				MARKETING_VERSION = 1.0;
				PRODUCT_BUNDLE_IDENTIFIER = "merekeyev.Movies-Explorer";
				PRODUCT_NAME = "$(TARGET_NAME)";
				SWIFT_EMIT_LOC_STRINGS = YES;
				SWIFT_VERSION = 5.0;
				TARGETED_DEVICE_FAMILY = "1,2";
			};
			name = Release;
		};
		51FB42E92A2C8EB20007CE78 /* Debug */ = {
			isa = XCBuildConfiguration;
			baseConfigurationReference = EE9DA2661DD46C32CDD8DE6A /* Pods-Movies ExplorerTests.debug.xcconfig */;
			buildSettings = {
				ALWAYS_EMBED_SWIFT_STANDARD_LIBRARIES = YES;
				BUNDLE_LOADER = "$(TEST_HOST)";
				CODE_SIGN_STYLE = Automatic;
				CURRENT_PROJECT_VERSION = 1;
				DEVELOPMENT_TEAM = Z92VBSZT25;
				GENERATE_INFOPLIST_FILE = YES;
				IPHONEOS_DEPLOYMENT_TARGET = 16.2;
				MARKETING_VERSION = 1.0;
				PRODUCT_BUNDLE_IDENTIFIER = "merekeyev.Movies-ExplorerTests";
				PRODUCT_NAME = "$(TARGET_NAME)";
				SWIFT_EMIT_LOC_STRINGS = NO;
				SWIFT_VERSION = 5.0;
				TARGETED_DEVICE_FAMILY = "1,2";
				TEST_HOST = "$(BUILT_PRODUCTS_DIR)/Movies Explorer.app/$(BUNDLE_EXECUTABLE_FOLDER_PATH)/Movies Explorer";
			};
			name = Debug;
		};
		51FB42EA2A2C8EB20007CE78 /* Release */ = {
			isa = XCBuildConfiguration;
			baseConfigurationReference = 1EDE5AF9CB4C553C62CB22F5 /* Pods-Movies ExplorerTests.release.xcconfig */;
			buildSettings = {
				ALWAYS_EMBED_SWIFT_STANDARD_LIBRARIES = YES;
				BUNDLE_LOADER = "$(TEST_HOST)";
				CODE_SIGN_STYLE = Automatic;
				CURRENT_PROJECT_VERSION = 1;
				DEVELOPMENT_TEAM = Z92VBSZT25;
				GENERATE_INFOPLIST_FILE = YES;
				IPHONEOS_DEPLOYMENT_TARGET = 16.2;
				MARKETING_VERSION = 1.0;
				PRODUCT_BUNDLE_IDENTIFIER = "merekeyev.Movies-ExplorerTests";
				PRODUCT_NAME = "$(TARGET_NAME)";
				SWIFT_EMIT_LOC_STRINGS = NO;
				SWIFT_VERSION = 5.0;
				TARGETED_DEVICE_FAMILY = "1,2";
				TEST_HOST = "$(BUILT_PRODUCTS_DIR)/Movies Explorer.app/$(BUNDLE_EXECUTABLE_FOLDER_PATH)/Movies Explorer";
			};
			name = Release;
		};
		51FB42EC2A2C8EB20007CE78 /* Debug */ = {
			isa = XCBuildConfiguration;
			baseConfigurationReference = 972C44A0E2B75ED4562CEB46 /* Pods-Movies Explorer-Movies ExplorerUITests.debug.xcconfig */;
			buildSettings = {
				ALWAYS_EMBED_SWIFT_STANDARD_LIBRARIES = YES;
				CODE_SIGN_STYLE = Automatic;
				CURRENT_PROJECT_VERSION = 1;
				DEVELOPMENT_TEAM = Z92VBSZT25;
				GENERATE_INFOPLIST_FILE = YES;
				MARKETING_VERSION = 1.0;
				PRODUCT_BUNDLE_IDENTIFIER = "merekeyev.Movies-ExplorerUITests";
				PRODUCT_NAME = "$(TARGET_NAME)";
				SWIFT_EMIT_LOC_STRINGS = NO;
				SWIFT_VERSION = 5.0;
				TARGETED_DEVICE_FAMILY = "1,2";
				TEST_TARGET_NAME = "Movies Explorer";
			};
			name = Debug;
		};
		51FB42ED2A2C8EB20007CE78 /* Release */ = {
			isa = XCBuildConfiguration;
			baseConfigurationReference = 7D1C2F86AC2C07560335F64F /* Pods-Movies Explorer-Movies ExplorerUITests.release.xcconfig */;
			buildSettings = {
				ALWAYS_EMBED_SWIFT_STANDARD_LIBRARIES = YES;
				CODE_SIGN_STYLE = Automatic;
				CURRENT_PROJECT_VERSION = 1;
				DEVELOPMENT_TEAM = Z92VBSZT25;
				GENERATE_INFOPLIST_FILE = YES;
				MARKETING_VERSION = 1.0;
				PRODUCT_BUNDLE_IDENTIFIER = "merekeyev.Movies-ExplorerUITests";
				PRODUCT_NAME = "$(TARGET_NAME)";
				SWIFT_EMIT_LOC_STRINGS = NO;
				SWIFT_VERSION = 5.0;
				TARGETED_DEVICE_FAMILY = "1,2";
				TEST_TARGET_NAME = "Movies Explorer";
			};
			name = Release;
		};
/* End XCBuildConfiguration section */

/* Begin XCConfigurationList section */
		51FB42B62A2C8EB00007CE78 /* Build configuration list for PBXProject "Movies Explorer" */ = {
			isa = XCConfigurationList;
			buildConfigurations = (
				51FB42E32A2C8EB20007CE78 /* Debug */,
				51FB42E42A2C8EB20007CE78 /* Release */,
			);
			defaultConfigurationIsVisible = 0;
			defaultConfigurationName = Release;
		};
		51FB42E52A2C8EB20007CE78 /* Build configuration list for PBXNativeTarget "Movies Explorer" */ = {
			isa = XCConfigurationList;
			buildConfigurations = (
				51FB42E62A2C8EB20007CE78 /* Debug */,
				51FB42E72A2C8EB20007CE78 /* Release */,
			);
			defaultConfigurationIsVisible = 0;
			defaultConfigurationName = Release;
		};
		51FB42E82A2C8EB20007CE78 /* Build configuration list for PBXNativeTarget "Movies ExplorerTests" */ = {
			isa = XCConfigurationList;
			buildConfigurations = (
				51FB42E92A2C8EB20007CE78 /* Debug */,
				51FB42EA2A2C8EB20007CE78 /* Release */,
			);
			defaultConfigurationIsVisible = 0;
			defaultConfigurationName = Release;
		};
		51FB42EB2A2C8EB20007CE78 /* Build configuration list for PBXNativeTarget "Movies ExplorerUITests" */ = {
			isa = XCConfigurationList;
			buildConfigurations = (
				51FB42EC2A2C8EB20007CE78 /* Debug */,
				51FB42ED2A2C8EB20007CE78 /* Release */,
			);
			defaultConfigurationIsVisible = 0;
			defaultConfigurationName = Release;
		};
/* End XCConfigurationList section */
	};
	rootObject = 51FB42B32A2C8EB00007CE78 /* Project object */;
}
